// !$*UTF8*$!
{
	archiveVersion = 1;
	classes = {
	};
	objectVersion = 46;
	objects = {

/* Begin PBXBuildFile section */
		46A1E46F1C59070E00AF10AA /* SecondViewController.swift in Sources */ = {isa = PBXBuildFile; fileRef = 46A1E46E1C59070E00AF10AA /* SecondViewController.swift */; };
		46A1E4711C5907C700AF10AA /* ThirdViewController.swift in Sources */ = {isa = PBXBuildFile; fileRef = 46A1E4701C5907C700AF10AA /* ThirdViewController.swift */; };
		46FF85881C58E1D600B993EB /* AppDelegate.swift in Sources */ = {isa = PBXBuildFile; fileRef = 46FF85871C58E1D600B993EB /* AppDelegate.swift */; };
		46FF858A1C58E1D600B993EB /* ViewController.swift in Sources */ = {isa = PBXBuildFile; fileRef = 46FF85891C58E1D600B993EB /* ViewController.swift */; };
		46FF858D1C58E1D600B993EB /* Main.storyboard in Resources */ = {isa = PBXBuildFile; fileRef = 46FF858B1C58E1D600B993EB /* Main.storyboard */; };
		46FF858F1C58E1D600B993EB /* Assets.xcassets in Resources */ = {isa = PBXBuildFile; fileRef = 46FF858E1C58E1D600B993EB /* Assets.xcassets */; };
		46FF85921C58E1D600B993EB /* LaunchScreen.storyboard in Resources */ = {isa = PBXBuildFile; fileRef = 46FF85901C58E1D600B993EB /* LaunchScreen.storyboard */; };
		46FF859D1C58E1D700B993EB /* DementriaCitizensTests.swift in Sources */ = {isa = PBXBuildFile; fileRef = 46FF859C1C58E1D700B993EB /* DementriaCitizensTests.swift */; };
		46FF85A81C58E1D700B993EB /* DementriaCitizensUITests.swift in Sources */ = {isa = PBXBuildFile; fileRef = 46FF85A71C58E1D700B993EB /* DementriaCitizensUITests.swift */; };
/* End PBXBuildFile section */

/* Begin PBXContainerItemProxy section */
		46FF85991C58E1D700B993EB /* PBXContainerItemProxy */ = {
			isa = PBXContainerItemProxy;
			containerPortal = 46FF857C1C58E1D600B993EB /* Project object */;
			proxyType = 1;
			remoteGlobalIDString = 46FF85831C58E1D600B993EB;
			remoteInfo = DementriaCitizens;
		};
		46FF85A41C58E1D700B993EB /* PBXContainerItemProxy */ = {
			isa = PBXContainerItemProxy;
			containerPortal = 46FF857C1C58E1D600B993EB /* Project object */;
			proxyType = 1;
			remoteGlobalIDString = 46FF85831C58E1D600B993EB;
			remoteInfo = DementriaCitizens;
		};
/* End PBXContainerItemProxy section */

/* Begin PBXFileReference section */
		46A1E46E1C59070E00AF10AA /* SecondViewController.swift */ = {isa = PBXFileReference; fileEncoding = 4; lastKnownFileType = sourcecode.swift; path = SecondViewController.swift; sourceTree = "<group>"; };
		46A1E4701C5907C700AF10AA /* ThirdViewController.swift */ = {isa = PBXFileReference; fileEncoding = 4; lastKnownFileType = sourcecode.swift; path = ThirdViewController.swift; sourceTree = "<group>"; };
		46FF85841C58E1D600B993EB /* DementriaCitizens.app */ = {isa = PBXFileReference; explicitFileType = wrapper.application; includeInIndex = 0; path = DementriaCitizens.app; sourceTree = BUILT_PRODUCTS_DIR; };
		46FF85871C58E1D600B993EB /* AppDelegate.swift */ = {isa = PBXFileReference; lastKnownFileType = sourcecode.swift; path = AppDelegate.swift; sourceTree = "<group>"; };
		46FF85891C58E1D600B993EB /* ViewController.swift */ = {isa = PBXFileReference; lastKnownFileType = sourcecode.swift; path = ViewController.swift; sourceTree = "<group>"; };
		46FF858C1C58E1D600B993EB /* Base */ = {isa = PBXFileReference; lastKnownFileType = file.storyboard; name = Base; path = Base.lproj/Main.storyboard; sourceTree = "<group>"; };
		46FF858E1C58E1D600B993EB /* Assets.xcassets */ = {isa = PBXFileReference; lastKnownFileType = folder.assetcatalog; path = Assets.xcassets; sourceTree = "<group>"; };
		46FF85911C58E1D600B993EB /* Base */ = {isa = PBXFileReference; lastKnownFileType = file.storyboard; name = Base; path = Base.lproj/LaunchScreen.storyboard; sourceTree = "<group>"; };
		46FF85931C58E1D600B993EB /* Info.plist */ = {isa = PBXFileReference; lastKnownFileType = text.plist.xml; path = Info.plist; sourceTree = "<group>"; };
		46FF85981C58E1D700B993EB /* DementriaCitizensTests.xctest */ = {isa = PBXFileReference; explicitFileType = wrapper.cfbundle; includeInIndex = 0; path = DementriaCitizensTests.xctest; sourceTree = BUILT_PRODUCTS_DIR; };
		46FF859C1C58E1D700B993EB /* DementriaCitizensTests.swift */ = {isa = PBXFileReference; lastKnownFileType = sourcecode.swift; path = DementriaCitizensTests.swift; sourceTree = "<group>"; };
		46FF859E1C58E1D700B993EB /* Info.plist */ = {isa = PBXFileReference; lastKnownFileType = text.plist.xml; path = Info.plist; sourceTree = "<group>"; };
		46FF85A31C58E1D700B993EB /* DementriaCitizensUITests.xctest */ = {isa = PBXFileReference; explicitFileType = wrapper.cfbundle; includeInIndex = 0; path = DementriaCitizensUITests.xctest; sourceTree = BUILT_PRODUCTS_DIR; };
		46FF85A71C58E1D700B993EB /* DementriaCitizensUITests.swift */ = {isa = PBXFileReference; lastKnownFileType = sourcecode.swift; path = DementriaCitizensUITests.swift; sourceTree = "<group>"; };
		46FF85A91C58E1D700B993EB /* Info.plist */ = {isa = PBXFileReference; lastKnownFileType = text.plist.xml; path = Info.plist; sourceTree = "<group>"; };
/* End PBXFileReference section */

/* Begin PBXFrameworksBuildPhase section */
		46FF85811C58E1D600B993EB /* Frameworks */ = {
			isa = PBXFrameworksBuildPhase;
			buildActionMask = 2147483647;
			files = (
			);
			runOnlyForDeploymentPostprocessing = 0;
		};
		46FF85951C58E1D700B993EB /* Frameworks */ = {
			isa = PBXFrameworksBuildPhase;
			buildActionMask = 2147483647;
			files = (
			);
			runOnlyForDeploymentPostprocessing = 0;
		};
		46FF85A01C58E1D700B993EB /* Frameworks */ = {
			isa = PBXFrameworksBuildPhase;
			buildActionMask = 2147483647;
			files = (
			);
			runOnlyForDeploymentPostprocessing = 0;
		};
/* End PBXFrameworksBuildPhase section */

/* Begin PBXGroup section */
		46FF857B1C58E1D600B993EB = {
			isa = PBXGroup;
			children = (
				46FF85861C58E1D600B993EB /* DementriaCitizens */,
				46FF859B1C58E1D700B993EB /* DementriaCitizensTests */,
				46FF85A61C58E1D700B993EB /* DementriaCitizensUITests */,
				46FF85851C58E1D600B993EB /* Products */,
			);
			sourceTree = "<group>";
		};
		46FF85851C58E1D600B993EB /* Products */ = {
			isa = PBXGroup;
			children = (
				46FF85841C58E1D600B993EB /* DementriaCitizens.app */,
				46FF85981C58E1D700B993EB /* DementriaCitizensTests.xctest */,
				46FF85A31C58E1D700B993EB /* DementriaCitizensUITests.xctest */,
			);
			name = Products;
			sourceTree = "<group>";
		};
		46FF85861C58E1D600B993EB /* DementriaCitizens */ = {
			isa = PBXGroup;
			children = (
				46FF85871C58E1D600B993EB /* AppDelegate.swift */,
				46FF85891C58E1D600B993EB /* ViewController.swift */,
				46FF858B1C58E1D600B993EB /* Main.storyboard */,
				46A1E4701C5907C700AF10AA /* ThirdViewController.swift */,
				46A1E46E1C59070E00AF10AA /* SecondViewController.swift */,
				46FF858E1C58E1D600B993EB /* Assets.xcassets */,
				46FF85901C58E1D600B993EB /* LaunchScreen.storyboard */,
				46FF85931C58E1D600B993EB /* Info.plist */,
			);
			path = DementriaCitizens;
			sourceTree = "<group>";
		};
		46FF859B1C58E1D700B993EB /* DementriaCitizensTests */ = {
			isa = PBXGroup;
			children = (
				46FF859C1C58E1D700B993EB /* DementriaCitizensTests.swift */,
				46FF859E1C58E1D700B993EB /* Info.plist */,
			);
			path = DementriaCitizensTests;
			sourceTree = "<group>";
		};
		46FF85A61C58E1D700B993EB /* DementriaCitizensUITests */ = {
			isa = PBXGroup;
			children = (
				46FF85A71C58E1D700B993EB /* DementriaCitizensUITests.swift */,
				46FF85A91C58E1D700B993EB /* Info.plist */,
			);
			path = DementriaCitizensUITests;
			sourceTree = "<group>";
		};
/* End PBXGroup section */

/* Begin PBXNativeTarget section */
		46FF85831C58E1D600B993EB /* DementriaCitizens */ = {
			isa = PBXNativeTarget;
			buildConfigurationList = 46FF85AC1C58E1D700B993EB /* Build configuration list for PBXNativeTarget "DementriaCitizens" */;
			buildPhases = (
				46FF85801C58E1D600B993EB /* Sources */,
				46FF85811C58E1D600B993EB /* Frameworks */,
				46FF85821C58E1D600B993EB /* Resources */,
			);
			buildRules = (
			);
			dependencies = (
			);
			name = DementriaCitizens;
			productName = DementriaCitizens;
			productReference = 46FF85841C58E1D600B993EB /* DementriaCitizens.app */;
			productType = "com.apple.product-type.application";
		};
		46FF85971C58E1D700B993EB /* DementriaCitizensTests */ = {
			isa = PBXNativeTarget;
			buildConfigurationList = 46FF85AF1C58E1D700B993EB /* Build configuration list for PBXNativeTarget "DementriaCitizensTests" */;
			buildPhases = (
				46FF85941C58E1D700B993EB /* Sources */,
				46FF85951C58E1D700B993EB /* Frameworks */,
				46FF85961C58E1D700B993EB /* Resources */,
			);
			buildRules = (
			);
			dependencies = (
				46FF859A1C58E1D700B993EB /* PBXTargetDependency */,
			);
			name = DementriaCitizensTests;
			productName = DementriaCitizensTests;
			productReference = 46FF85981C58E1D700B993EB /* DementriaCitizensTests.xctest */;
			productType = "com.apple.product-type.bundle.unit-test";
		};
		46FF85A21C58E1D700B993EB /* DementriaCitizensUITests */ = {
			isa = PBXNativeTarget;
			buildConfigurationList = 46FF85B21C58E1D700B993EB /* Build configuration list for PBXNativeTarget "DementriaCitizensUITests" */;
			buildPhases = (
				46FF859F1C58E1D700B993EB /* Sources */,
				46FF85A01C58E1D700B993EB /* Frameworks */,
				46FF85A11C58E1D700B993EB /* Resources */,
			);
			buildRules = (
			);
			dependencies = (
				46FF85A51C58E1D700B993EB /* PBXTargetDependency */,
			);
			name = DementriaCitizensUITests;
			productName = DementriaCitizensUITests;
			productReference = 46FF85A31C58E1D700B993EB /* DementriaCitizensUITests.xctest */;
			productType = "com.apple.product-type.bundle.ui-testing";
		};
/* End PBXNativeTarget section */

/* Begin PBXProject section */
		46FF857C1C58E1D600B993EB /* Project object */ = {
			isa = PBXProject;
			attributes = {
				LastSwiftUpdateCheck = 0710;
				LastUpgradeCheck = 0710;
				ORGANIZATIONNAME = "SP+EE";
				TargetAttributes = {
					46FF85831C58E1D600B993EB = {
						CreatedOnToolsVersion = 7.1.1;
					};
					46FF85971C58E1D700B993EB = {
						CreatedOnToolsVersion = 7.1.1;
						TestTargetID = 46FF85831C58E1D600B993EB;
					};
					46FF85A21C58E1D700B993EB = {
						CreatedOnToolsVersion = 7.1.1;
						TestTargetID = 46FF85831C58E1D600B993EB;
					};
				};
			};
			buildConfigurationList = 46FF857F1C58E1D600B993EB /* Build configuration list for PBXProject "DementriaCitizens" */;
			compatibilityVersion = "Xcode 3.2";
			developmentRegion = English;
			hasScannedForEncodings = 0;
			knownRegions = (
				en,
				Base,
			);
			mainGroup = 46FF857B1C58E1D600B993EB;
			productRefGroup = 46FF85851C58E1D600B993EB /* Products */;
			projectDirPath = "";
			projectRoot = "";
			targets = (
				46FF85831C58E1D600B993EB /* DementriaCitizens */,
				46FF85971C58E1D700B993EB /* DementriaCitizensTests */,
				46FF85A21C58E1D700B993EB /* DementriaCitizensUITests */,
			);
		};
/* End PBXProject section */

/* Begin PBXResourcesBuildPhase section */
		46FF85821C58E1D600B993EB /* Resources */ = {
			isa = PBXResourcesBuildPhase;
			buildActionMask = 2147483647;
			files = (
				46FF85921C58E1D600B993EB /* LaunchScreen.storyboard in Resources */,
				46FF858F1C58E1D600B993EB /* Assets.xcassets in Resources */,
				46FF858D1C58E1D600B993EB /* Main.storyboard in Resources */,
			);
			runOnlyForDeploymentPostprocessing = 0;
		};
		46FF85961C58E1D700B993EB /* Resources */ = {
			isa = PBXResourcesBuildPhase;
			buildActionMask = 2147483647;
			files = (
			);
			runOnlyForDeploymentPostprocessing = 0;
		};
		46FF85A11C58E1D700B993EB /* Resources */ = {
			isa = PBXResourcesBuildPhase;
			buildActionMask = 2147483647;
			files = (
			);
			runOnlyForDeploymentPostprocessing = 0;
		};
/* End PBXResourcesBuildPhase section */

/* Begin PBXSourcesBuildPhase section */
		46FF85801C58E1D600B993EB /* Sources */ = {
			isa = PBXSourcesBuildPhase;
			buildActionMask = 2147483647;
			files = (
				46A1E46F1C59070E00AF10AA /* SecondViewController.swift in Sources */,
				46FF858A1C58E1D600B993EB /* ViewController.swift in Sources */,
				46A1E4711C5907C700AF10AA /* ThirdViewController.swift in Sources */,
				46FF85881C58E1D600B993EB /* AppDelegate.swift in Sources */,
			);
			runOnlyForDeploymentPostprocessing = 0;
		};
		46FF85941C58E1D700B993EB /* Sources */ = {
			isa = PBXSourcesBuildPhase;
			buildActionMask = 2147483647;
			files = (
				46FF859D1C58E1D700B993EB /* DementriaCitizensTests.swift in Sources */,
			);
			runOnlyForDeploymentPostprocessing = 0;
		};
		46FF859F1C58E1D700B993EB /* Sources */ = {
			isa = PBXSourcesBuildPhase;
			buildActionMask = 2147483647;
			files = (
				46FF85A81C58E1D700B993EB /* DementriaCitizensUITests.swift in Sources */,
			);
			runOnlyForDeploymentPostprocessing = 0;
		};
/* End PBXSourcesBuildPhase section */

/* Begin PBXTargetDependency section */
		46FF859A1C58E1D700B993EB /* PBXTargetDependency */ = {
			isa = PBXTargetDependency;
			target = 46FF85831C58E1D600B993EB /* DementriaCitizens */;
			targetProxy = 46FF85991C58E1D700B993EB /* PBXContainerItemProxy */;
		};
		46FF85A51C58E1D700B993EB /* PBXTargetDependency */ = {
			isa = PBXTargetDependency;
			target = 46FF85831C58E1D600B993EB /* DementriaCitizens */;
			targetProxy = 46FF85A41C58E1D700B993EB /* PBXContainerItemProxy */;
		};
/* End PBXTargetDependency section */

/* Begin PBXVariantGroup section */
		46FF858B1C58E1D600B993EB /* Main.storyboard */ = {
			isa = PBXVariantGroup;
			children = (
				46FF858C1C58E1D600B993EB /* Base */,
			);
			name = Main.storyboard;
			sourceTree = "<group>";
		};
		46FF85901C58E1D600B993EB /* LaunchScreen.storyboard */ = {
			isa = PBXVariantGroup;
			children = (
				46FF85911C58E1D600B993EB /* Base */,
			);
			name = LaunchScreen.storyboard;
			sourceTree = "<group>";
		};
/* End PBXVariantGroup section */

/* Begin XCBuildConfiguration section */
		46FF85AA1C58E1D700B993EB /* Debug */ = {
			isa = XCBuildConfiguration;
			buildSettings = {
				ALWAYS_SEARCH_USER_PATHS = NO;
				CLANG_CXX_LANGUAGE_STANDARD = "gnu++0x";
				CLANG_CXX_LIBRARY = "libc++";
				CLANG_ENABLE_MODULES = YES;
				CLANG_ENABLE_OBJC_ARC = YES;
				CLANG_WARN_BOOL_CONVERSION = YES;
				CLANG_WARN_CONSTANT_CONVERSION = YES;
				CLANG_WARN_DIRECT_OBJC_ISA_USAGE = YES_ERROR;
				CLANG_WARN_EMPTY_BODY = YES;
				CLANG_WARN_ENUM_CONVERSION = YES;
				CLANG_WARN_INT_CONVERSION = YES;
				CLANG_WARN_OBJC_ROOT_CLASS = YES_ERROR;
				CLANG_WARN_UNREACHABLE_CODE = YES;
				CLANG_WARN__DUPLICATE_METHOD_MATCH = YES;
				"CODE_SIGN_IDENTITY[sdk=iphoneos*]" = "iPhone Developer";
				COPY_PHASE_STRIP = NO;
				DEBUG_INFORMATION_FORMAT = dwarf;
				ENABLE_STRICT_OBJC_MSGSEND = YES;
				ENABLE_TESTABILITY = YES;
				GCC_C_LANGUAGE_STANDARD = gnu99;
				GCC_DYNAMIC_NO_PIC = NO;
				GCC_NO_COMMON_BLOCKS = YES;
				GCC_OPTIMIZATION_LEVEL = 0;
				GCC_PREPROCESSOR_DEFINITIONS = (
					"DEBUG=1",
					"$(inherited)",
				);
				GCC_WARN_64_TO_32_BIT_CONVERSION = YES;
				GCC_WARN_ABOUT_RETURN_TYPE = YES_ERROR;
				GCC_WARN_UNDECLARED_SELECTOR = YES;
				GCC_WARN_UNINITIALIZED_AUTOS = YES_AGGRESSIVE;
				GCC_WARN_UNUSED_FUNCTION = YES;
				GCC_WARN_UNUSED_VARIABLE = YES;
				IPHONEOS_DEPLOYMENT_TARGET = 9.1;
				MTL_ENABLE_DEBUG_INFO = YES;
				ONLY_ACTIVE_ARCH = YES;
				SDKROOT = iphoneos;
				SWIFT_OPTIMIZATION_LEVEL = "-Onone";
			};
			name = Debug;
		};
		46FF85AB1C58E1D700B993EB /* Release */ = {
			isa = XCBuildConfiguration;
			buildSettings = {
				ALWAYS_SEARCH_USER_PATHS = NO;
				CLANG_CXX_LANGUAGE_STANDARD = "gnu++0x";
				CLANG_CXX_LIBRARY = "libc++";
				CLANG_ENABLE_MODULES = YES;
				CLANG_ENABLE_OBJC_ARC = YES;
				CLANG_WARN_BOOL_CONVERSION = YES;
				CLANG_WARN_CONSTANT_CONVERSION = YES;
				CLANG_WARN_DIRECT_OBJC_ISA_USAGE = YES_ERROR;
				CLANG_WARN_EMPTY_BODY = YES;
				CLANG_WARN_ENUM_CONVERSION = YES;
				CLANG_WARN_INT_CONVERSION = YES;
				CLANG_WARN_OBJC_ROOT_CLASS = YES_ERROR;
				CLANG_WARN_UNREACHABLE_CODE = YES;
				CLANG_WARN__DUPLICATE_METHOD_MATCH = YES;
				"CODE_SIGN_IDENTITY[sdk=iphoneos*]" = "iPhone Developer";
				COPY_PHASE_STRIP = NO;
				DEBUG_INFORMATION_FORMAT = "dwarf-with-dsym";
				ENABLE_NS_ASSERTIONS = NO;
				ENABLE_STRICT_OBJC_MSGSEND = YES;
				GCC_C_LANGUAGE_STANDARD = gnu99;
				GCC_NO_COMMON_BLOCKS = YES;
				GCC_WARN_64_TO_32_BIT_CONVERSION = YES;
				GCC_WARN_ABOUT_RETURN_TYPE = YES_ERROR;
				GCC_WARN_UNDECLARED_SELECTOR = YES;
				GCC_WARN_UNINITIALIZED_AUTOS = YES_AGGRESSIVE;
				GCC_WARN_UNUSED_FUNCTION = YES;
				GCC_WARN_UNUSED_VARIABLE = YES;
				IPHONEOS_DEPLOYMENT_TARGET = 9.1;
				MTL_ENABLE_DEBUG_INFO = NO;
				SDKROOT = iphoneos;
				VALIDATE_PRODUCT = YES;
			};
			name = Release;
		};
		46FF85AD1C58E1D700B993EB /* Debug */ = {
			isa = XCBuildConfiguration;
			buildSettings = {
				ASSETCATALOG_COMPILER_APPICON_NAME = AppIcon;
				INFOPLIST_FILE = DementriaCitizens/Info.plist;
				LD_RUNPATH_SEARCH_PATHS = "$(inherited) @executable_path/Frameworks";
				PRODUCT_BUNDLE_IDENTIFIER = com.gvop.DementriaCitizens;
				PRODUCT_NAME = "$(TARGET_NAME)";
			};
			name = Debug;
		};
		46FF85AE1C58E1D700B993EB /* Release */ = {
			isa = XCBuildConfiguration;
			buildSettings = {
				ASSETCATALOG_COMPILER_APPICON_NAME = AppIcon;
				INFOPLIST_FILE = DementriaCitizens/Info.plist;
				LD_RUNPATH_SEARCH_PATHS = "$(inherited) @executable_path/Frameworks";
				PRODUCT_BUNDLE_IDENTIFIER = com.gvop.DementriaCitizens;
				PRODUCT_NAME = "$(TARGET_NAME)";
			};
			name = Release;
		};
		46FF85B01C58E1D700B993EB /* Debug */ = {
			isa = XCBuildConfiguration;
			buildSettings = {
				BUNDLE_LOADER = "$(TEST_HOST)";
				INFOPLIST_FILE = DementriaCitizensTests/Info.plist;
				LD_RUNPATH_SEARCH_PATHS = "$(inherited) @executable_path/Frameworks @loader_path/Frameworks";
				PRODUCT_BUNDLE_IDENTIFIER = com.gvop.DementriaCitizensTests;
				PRODUCT_NAME = "$(TARGET_NAME)";
				TEST_HOST = "$(BUILT_PRODUCTS_DIR)/DementriaCitizens.app/DementriaCitizens";
			};
			name = Debug;
		};
		46FF85B11C58E1D700B993EB /* Release */ = {
			isa = XCBuildConfiguration;
			buildSettings = {
				BUNDLE_LOADER = "$(TEST_HOST)";
				INFOPLIST_FILE = DementriaCitizensTests/Info.plist;
				LD_RUNPATH_SEARCH_PATHS = "$(inherited) @executable_path/Frameworks @loader_path/Frameworks";
				PRODUCT_BUNDLE_IDENTIFIER = com.gvop.DementriaCitizensTests;
				PRODUCT_NAME = "$(TARGET_NAME)";
				TEST_HOST = "$(BUILT_PRODUCTS_DIR)/DementriaCitizens.app/DementriaCitizens";
			};
			name = Release;
		};
		46FF85B31C58E1D700B993EB /* Debug */ = {
			isa = XCBuildConfiguration;
			buildSettings = {
				INFOPLIST_FILE = DementriaCitizensUITests/Info.plist;
				LD_RUNPATH_SEARCH_PATHS = "$(inherited) @executable_path/Frameworks @loader_path/Frameworks";
				PRODUCT_BUNDLE_IDENTIFIER = com.gvop.DementriaCitizensUITests;
				PRODUCT_NAME = "$(TARGET_NAME)";
				TEST_TARGET_NAME = DementriaCitizens;
				USES_XCTRUNNER = YES;
			};
			name = Debug;
		};
		46FF85B41C58E1D700B993EB /* Release */ = {
			isa = XCBuildConfiguration;
			buildSettings = {
				INFOPLIST_FILE = DementriaCitizensUITests/Info.plist;
				LD_RUNPATH_SEARCH_PATHS = "$(inherited) @executable_path/Frameworks @loader_path/Frameworks";
				PRODUCT_BUNDLE_IDENTIFIER = com.gvop.DementriaCitizensUITests;
				PRODUCT_NAME = "$(TARGET_NAME)";
				TEST_TARGET_NAME = DementriaCitizens;
				USES_XCTRUNNER = YES;
			};
			name = Release;
		};
/* End XCBuildConfiguration section */

/* Begin XCConfigurationList section */
		46FF857F1C58E1D600B993EB /* Build configuration list for PBXProject "DementriaCitizens" */ = {
			isa = XCConfigurationList;
			buildConfigurations = (
				46FF85AA1C58E1D700B993EB /* Debug */,
				46FF85AB1C58E1D700B993EB /* Release */,
			);
			defaultConfigurationIsVisible = 0;
			defaultConfigurationName = Release;
		};
		46FF85AC1C58E1D700B993EB /* Build configuration list for PBXNativeTarget "DementriaCitizens" */ = {
			isa = XCConfigurationList;
			buildConfigurations = (
				46FF85AD1C58E1D700B993EB /* Debug */,
				46FF85AE1C58E1D700B993EB /* Release */,
			);
			defaultConfigurationIsVisible = 0;
			defaultConfigurationName = Release;
		};
		46FF85AF1C58E1D700B993EB /* Build configuration list for PBXNativeTarget "DementriaCitizensTests" */ = {
			isa = XCConfigurationList;
			buildConfigurations = (
				46FF85B01C58E1D700B993EB /* Debug */,
				46FF85B11C58E1D700B993EB /* Release */,
			);
			defaultConfigurationIsVisible = 0;
			defaultConfigurationName = Release;
		};
		46FF85B21C58E1D700B993EB /* Build configuration list for PBXNativeTarget "DementriaCitizensUITests" */ = {
			isa = XCConfigurationList;
			buildConfigurations = (
				46FF85B31C58E1D700B993EB /* Debug */,
				46FF85B41C58E1D700B993EB /* Release */,
			);
			defaultConfigurationIsVisible = 0;
			defaultConfigurationName = Release;
		};
/* End XCConfigurationList section */
	};
	rootObject = 46FF857C1C58E1D600B993EB /* Project object */;
}
